
Microsoft Visual Studio Solution File, Format Version 12.00
# Visual Studio Version 17
VisualStudioVersion = 17.7.34221.43
MinimumVisualStudioVersion = 10.0.40219.1
Project("{9A19103F-16F7-4668-BE54-9A1E7A4F7556}") = "InsuranceManagement.API", "InsuranceManagement.API.csproj", "{69E3D186-DC4B-4F5E-8EB0-BFEB65496BFD}"
EndProject
Project("{9A19103F-16F7-4668-BE54-9A1E7A4F7556}") = "InsuranceManagement.Core", "..\InsuranceManagement.Core\InsuranceManagement.Core.csproj", "{479D3379-EA7B-40E7-8A80-A87C4AAB2036}"
EndProject
Global
	GlobalSection(SolutionConfigurationPlatforms) = preSolution
		Debug|Any CPU = Debug|Any CPU
		Release|Any CPU = Release|Any CPU
	EndGlobalSection
	GlobalSection(ProjectConfigurationPlatforms) = postSolution
		{69E3D186-DC4B-4F5E-8EB0-BFEB65496BFD}.Debug|Any CPU.ActiveCfg = Debug|Any CPU
		{69E3D186-DC4B-4F5E-8EB0-BFEB65496BFD}.Debug|Any CPU.Build.0 = Debug|Any CPU
		{69E3D186-DC4B-4F5E-8EB0-BFEB65496BFD}.Release|Any CPU.ActiveCfg = Release|Any CPU
		{69E3D186-DC4B-4F5E-8EB0-BFEB65496BFD}.Release|Any CPU.Build.0 = Release|Any CPU
		{479D3379-EA7B-40E7-8A80-A87C4AAB2036}.Debug|Any CPU.ActiveCfg = Debug|Any CPU
		{479D3379-EA7B-40E7-8A80-A87C4AAB2036}.Debug|Any CPU.Build.0 = Debug|Any CPU
		{479D3379-EA7B-40E7-8A80-A87C4AAB2036}.Release|Any CPU.ActiveCfg = Release|Any CPU
		{479D3379-EA7B-40E7-8A80-A87C4AAB2036}.Release|Any CPU.Build.0 = Release|Any CPU
	EndGlobalSection
	GlobalSection(SolutionProperties) = preSolution
		HideSolutionNode = FALSE
	EndGlobalSection
	GlobalSection(ExtensibilityGlobals) = postSolution
		SolutionGuid = {595ECF8C-EFD1-4794-8EB8-D3EBCD9E4BF2}
	EndGlobalSection
EndGlobal
